#MicroXplorer Configuration settings - do not modify
File.Version=6
GPIO.groupedBy=
I2S4.ErrorAudioFreq=- %
I2S4.FullDuplexMode=I2S_FULLDUPLEXMODE_DISABLE
I2S4.IPParameters=Instance,VirtualMode,FullDuplexMode,RealAudioFreq,ErrorAudioFreq
I2S4.Instance=SPI$Index
I2S4.RealAudioFreq=- Hz
I2S4.VirtualMode=I2S_MODE_MASTER
KeepUserPlacement=false
Mcu.Family=STM32F4
Mcu.IP0=I2C1
Mcu.IP1=I2S4
Mcu.IP2=NVIC
Mcu.IP3=RCC
Mcu.IP4=SPI1
Mcu.IP5=SYS
Mcu.IP6=USART1
Mcu.IP7=USB_DEVICE
Mcu.IP8=USB_OTG_FS
Mcu.IPNb=9
Mcu.Name=STM32F411C(C-E)Ux
Mcu.Package=UFQFPN48
Mcu.Pin0=PC13-ANTI_TAMP
Mcu.Pin1=PC14-OSC32_IN
Mcu.Pin10=PA5
Mcu.Pin11=PA6
Mcu.Pin12=PA7
Mcu.Pin13=PB0
Mcu.Pin14=PB1
Mcu.Pin15=PB2
Mcu.Pin16=PB10
Mcu.Pin17=PB12
Mcu.Pin18=PB13
Mcu.Pin19=PB14
Mcu.Pin2=PC15-OSC32_OUT
Mcu.Pin20=PB15
Mcu.Pin21=PA8
Mcu.Pin22=PA9
Mcu.Pin23=PA10
Mcu.Pin24=PA11
Mcu.Pin25=PA12
Mcu.Pin26=PA13
Mcu.Pin27=PA14
Mcu.Pin28=PA15
Mcu.Pin29=PB3
Mcu.Pin3=PH0 - OSC_IN
Mcu.Pin30=PB4
Mcu.Pin31=PB5
Mcu.Pin32=PB6
Mcu.Pin33=PB7
Mcu.Pin34=PB8
Mcu.Pin35=PB9
Mcu.Pin36=VP_SYS_VS_Systick
Mcu.Pin37=VP_USB_DEVICE_VS_USB_DEVICE_CDC_FS
Mcu.Pin4=PH1 - OSC_OUT
Mcu.Pin5=PA0-WKUP
Mcu.Pin6=PA1
Mcu.Pin7=PA2
Mcu.Pin8=PA3
Mcu.Pin9=PA4
Mcu.PinsNb=38
Mcu.ThirdPartyNb=0
Mcu.UserConstants=
Mcu.UserName=STM32F411CEUx
MxCube.Version=6.2.1
MxDb.Version=DB.6.0.21
NVIC.BusFault_IRQn=true\:0\:0\:false\:false\:true\:false\:false
NVIC.DebugMonitor_IRQn=true\:0\:0\:false\:false\:true\:false\:false
NVIC.ForceEnableDMAVector=true
NVIC.HardFault_IRQn=true\:0\:0\:false\:false\:true\:false\:false
NVIC.MemoryManagement_IRQn=true\:0\:0\:false\:false\:true\:false\:false
NVIC.NonMaskableInt_IRQn=true\:0\:0\:false\:false\:true\:false\:false
NVIC.OTG_FS_IRQn=true\:0\:0\:false\:false\:true\:false\:true
NVIC.PendSV_IRQn=true\:0\:0\:false\:false\:true\:false\:false
NVIC.PriorityGroup=NVIC_PRIORITYGROUP_4
NVIC.SVCall_IRQn=true\:0\:0\:false\:false\:true\:false\:false
NVIC.SysTick_IRQn=true\:0\:0\:false\:false\:true\:false\:true
NVIC.UsageFault_IRQn=true\:0\:0\:false\:false\:true\:false\:false
PA0-WKUP.Locked=true
PA0-WKUP.Mode=SYS_WakeUp0
PA0-WKUP.Signal=SYS_WKUP
PA1.GPIOParameters=GPIO_Label
PA1.GPIO_Label=I2S_SD/MIC_ANA
PA1.Mode=Half_Duplex_Master
PA1.Signal=I2S4_SD
PA10.Locked=true
PA10.Mode=Asynchronous
PA10.Signal=USART1_RX
PA11.GPIOParameters=GPIO_Label
PA11.GPIO_Label=USB_DN
PA11.Mode=Device_Only
PA11.Signal=USB_OTG_FS_DM
PA12.GPIOParameters=GPIO_Label
PA12.GPIO_Label=USB_DP
PA12.Mode=Device_Only
PA12.Signal=USB_OTG_FS_DP
PA13.Locked=true
PA13.Mode=Serial_Wire
PA13.Signal=SYS_JTMS-SWDIO
PA14.Locked=true
PA14.Mode=Serial_Wire
PA14.Signal=SYS_JTCK-SWCLK
PA15.GPIOParameters=GPIO_Label
PA15.GPIO_Label=PWR_OFF
PA15.Locked=true
PA15.Signal=GPIO_Output
PA2.GPIOParameters=GPIO_Label
PA2.GPIO_Label=BTN_TARE
PA2.Locked=true
PA2.Signal=GPIO_Input
PA3.GPIOParameters=GPIO_Label
PA3.GPIO_Label=FLASH_NSS
PA3.Locked=true
PA3.Signal=GPIO_Output
PA4.GPIOParameters=GPIO_Label
PA4.GPIO_Label=LORA_NSS
PA4.Locked=true
PA4.Mode=NSS_Signal_Hard_Output
PA4.Signal=SPI1_NSS
PA5.Locked=true
PA5.Mode=Full_Duplex_Master
PA5.Signal=SPI1_SCK
PA6.Locked=true
PA6.Mode=Full_Duplex_Master
PA6.Signal=SPI1_MISO
PA7.Locked=true
PA7.Mode=Full_Duplex_Master
PA7.Signal=SPI1_MOSI
PA8.GPIOParameters=GPIO_Label
PA8.GPIO_Label=MCO/LED_INFO
PA8.Locked=true
PA8.Mode=Clock-out-1
PA8.Signal=RCC_MCO_1
PA9.Locked=true
PA9.Mode=Asynchronous
PA9.Signal=USART1_TX
PB0.GPIOParameters=GPIO_Label
PB0.GPIO_Label=LORA_RST
PB0.Locked=true
PB0.Signal=GPIO_Output
PB1.GPIOParameters=GPIO_Label
PB1.GPIO_Label=LORA_DIO0
PB1.Locked=true
PB1.Signal=GPIO_Input
PB10.GPIOParameters=GPIO_Label
PB10.GPIO_Label=LORA_DIO0
PB10.Locked=true
PB10.Signal=GPIO_Input
PB12.GPIOParameters=GPIO_Label
PB12.GPIO_Label=I2S_WS
PB12.Mode=Half_Duplex_Master
PB12.Signal=I2S4_WS
PB13.GPIOParameters=GPIO_Label
PB13.GPIO_Label=I2S_CK/MIC_GAIN
PB13.Mode=Half_Duplex_Master
PB13.Signal=I2S4_CK
PB14.GPIOParameters=GPIO_Label
PB14.GPIO_Label=TRACE_EN
PB14.Locked=true
PB14.Signal=GPIO_Input
PB15.GPIOParameters=GPIO_Label
PB15.GPIO_Label=SCALE_TYPE
PB15.Locked=true
PB15.Signal=GPIO_Input
PB2.GPIOParameters=GPIO_Label
PB2.GPIO_Label=LORA_DIO1
PB2.Locked=true
PB2.Signal=GPIO_Input
PB3.GPIOParameters=GPIO_Label
PB3.GPIO_Label=EN_3V3_EXT
PB3.Locked=true
PB3.Signal=GPIO_Output
PB4.GPIOParameters=GPIO_Label
PB4.GPIO_Label=EN_3V3_INT
PB4.Locked=true
PB4.Signal=GPIO_Output
PB5.GPIOParameters=GPIO_Label
PB5.GPIO_Label=HX711_RATE
PB5.Locked=true
PB5.Signal=GPIO_Output
PB6.GPIOParameters=GPIO_Label
PB6.GPIO_Label=HX711_DT
PB6.Locked=true
PB6.Signal=GPIO_Input
PB7.GPIOParameters=GPIO_Label
PB7.GPIO_Label=HX711_CK
PB7.Locked=true
PB7.Signal=GPIO_Output
PB8.Locked=true
PB8.Mode=I2C
PB8.Signal=I2C1_SCL
PB9.Locked=true
PB9.Mode=I2C
PB9.Signal=I2C1_SDA
PC13-ANTI_TAMP.GPIOParameters=GPIO_Label
PC13-ANTI_TAMP.GPIO_Label=WDG_RESTART
PC13-ANTI_TAMP.Locked=true
PC13-ANTI_TAMP.Signal=GPIO_Output
PC14-OSC32_IN.Locked=true
PC14-OSC32_IN.Mode=LSE-External-Oscillator
PC14-OSC32_IN.Signal=RCC_OSC32_IN
PC15-OSC32_OUT.Locked=true
PC15-OSC32_OUT.Mode=LSE-External-Oscillator
PC15-OSC32_OUT.Signal=RCC_OSC32_OUT
PCC.Checker=false
PCC.Line=STM32F411
PCC.MCU=STM32F411C(C-E)Ux
PCC.PartNumber=STM32F411CEUx
PCC.Seq0=3
PCC.Seq0.Step0.Average_Current=12.7 mA
PCC.Seq0.Step0.CPU_Frequency=100 MHz
PCC.Seq0.Step0.Category=In DS Table
PCC.Seq0.Step0.DMIPS=125.0
PCC.Seq0.Step0.Duration=0.1 ms
PCC.Seq0.Step0.Frequency=4 MHz
PCC.Seq0.Step0.Memory=SRAM
PCC.Seq0.Step0.Mode=RUN
PCC.Seq0.Step0.Oscillator=HSE PLL
PCC.Seq0.Step0.Peripherals=
PCC.Seq0.Step0.TaMax=104.31
PCC.Seq0.Step0.User's_Consumption=0 mA
PCC.Seq0.Step0.Vcore=Scale1-High
PCC.Seq0.Step0.Vdd=1.7
PCC.Seq0.Step0.Voltage_Source=Battery
PCC.Seq0.Step1.Average_Current=9 \u00B5A
PCC.Seq0.Step1.CPU_Frequency=0 Hz
PCC.Seq0.Step1.Category=In DS Table
PCC.Seq0.Step1.DMIPS=0.0
PCC.Seq0.Step1.Duration=0.9 ms
PCC.Seq0.Step1.Frequency=0 Hz
PCC.Seq0.Step1.Memory=n/a
PCC.Seq0.Step1.Mode=STOP
PCC.Seq0.Step1.Oscillator=Regulator_LPLV Flash-PwrDwn
PCC.Seq0.Step1.Peripherals=
PCC.Seq0.Step1.TaMax=105
PCC.Seq0.Step1.User's_Consumption=0 mA
PCC.Seq0.Step1.Vcore=No Scale
PCC.Seq0.Step1.Vdd=1.7
PCC.Seq0.Step1.Voltage_Source=Battery
PCC.Seq0.Step2.Average_Current=100 nA
PCC.Seq0.Step2.CPU_Frequency=0 Hz
PCC.Seq0.Step2.Category=In DS Table
PCC.Seq0.Step2.DMIPS=0.0
PCC.Seq0.Step2.Duration=60 s
PCC.Seq0.Step2.Frequency=0 Hz
PCC.Seq0.Step2.Memory=n/a
PCC.Seq0.Step2.Mode=VBAT
PCC.Seq0.Step2.Oscillator=ALL CLOCKS OFF
PCC.Seq0.Step2.Peripherals=
PCC.Seq0.Step2.TaMax=105
PCC.Seq0.Step2.User's_Consumption=0 mA
PCC.Seq0.Step2.Vcore=No Scale
PCC.Seq0.Step2.Vdd=3.6
PCC.Seq0.Step2.Voltage_Source=Battery
PCC.Series=STM32F4
PCC.Temperature=25
PCC.Vdd=1.7
PH0\ -\ OSC_IN.Locked=true
PH0\ -\ OSC_IN.Mode=HSE-External-Oscillator
PH0\ -\ OSC_IN.Signal=RCC_OSC_IN
PH1\ -\ OSC_OUT.Locked=true
PH1\ -\ OSC_OUT.Mode=HSE-External-Oscillator
PH1\ -\ OSC_OUT.Signal=RCC_OSC_OUT
PinOutPanel.RotationAngle=0
ProjectManager.AskForMigrate=true
ProjectManager.BackupPrevious=false
ProjectManager.CompilerOptimize=6
ProjectManager.ComputerToolchain=false
ProjectManager.CoupleFile=false
ProjectManager.CustomerFirmwarePackage=
ProjectManager.DefaultFWLocation=true
ProjectManager.DeletePrevious=true
ProjectManager.DeviceId=STM32F411CEUx
ProjectManager.FirmwarePackage=STM32Cube FW_F4 V1.26.2
ProjectManager.FreePins=false
ProjectManager.HalAssertFull=false
ProjectManager.HeapSize=0x200
ProjectManager.KeepUserCode=true
ProjectManager.LastFirmware=true
ProjectManager.LibraryCopy=0
ProjectManager.MainLocation=Core/Src
ProjectManager.NoMain=false
ProjectManager.PreviousToolchain=
ProjectManager.ProjectBuild=false
ProjectManager.ProjectFileName=V2.ioc
ProjectManager.ProjectName=V2
ProjectManager.RegisterCallBack=
ProjectManager.StackSize=0x400
ProjectManager.TargetToolchain=EWARM V8.32
ProjectManager.ToolChainLocation=
ProjectManager.UnderRoot=false
ProjectManager.functionlistsort=
RCC.48MHZClocksFreq_Value=48000000
RCC.AHBFreq_Value=16000000
RCC.APB1Freq_Value=16000000
RCC.APB2Freq_Value=16000000
RCC.CortexFreq_Value=16000000
RCC.FamilyName=M
RCC.HSE_VALUE=25000000
RCC.HSI_VALUE=16000000
RCC.I2SClocksFreq_Value=150000000
RCC.IPParameters=48MHZClocksFreq_Value,AHBFreq_Value,APB1Freq_Value,APB2Freq_Value,CortexFreq_Value,FamilyName,HSE_VALUE,HSI_VALUE,I2SClocksFreq_Value,LSI_VALUE,PLLCLKFreq_Value,PLLM,PLLN,PLLQ,PLLQCLKFreq_Value,RTCFreq_Value,RTCHSEDivFreq_Value,SYSCLKFreq_VALUE,VCOI2SOutputFreq_Value,VCOInputFreq_Value,VCOInputMFreq_Value,VCOOutputFreq_Value,VcooutputI2S
RCC.LSI_VALUE=32000
RCC.PLLCLKFreq_Value=120000000
RCC.PLLM=15
RCC.PLLN=144
RCC.PLLQ=5
RCC.PLLQCLKFreq_Value=48000000
RCC.RTCFreq_Value=32000
RCC.RTCHSEDivFreq_Value=12500000
RCC.SYSCLKFreq_VALUE=16000000
RCC.VCOI2SOutputFreq_Value=300000000
RCC.VCOInputFreq_Value=1666666.6666666667
RCC.VCOInputMFreq_Value=1562500
RCC.VCOOutputFreq_Value=240000000
RCC.VcooutputI2S=150000000
SPI1.CalculateBaudRate=8.0 MBits/s
SPI1.Direction=SPI_DIRECTION_2LINES
SPI1.IPParameters=VirtualType,Mode,Direction,CalculateBaudRate,VirtualNSS
SPI1.Mode=SPI_MODE_MASTER
SPI1.VirtualNSS=VM_NSSHARD
SPI1.VirtualType=VM_MASTER
USART1.IPParameters=VirtualMode
USART1.VirtualMode=VM_ASYNC
USB_DEVICE.CLASS_NAME_FS=CDC
USB_DEVICE.IPParameters=VirtualMode,VirtualModeFS,CLASS_NAME_FS
USB_DEVICE.VirtualMode=Cdc
USB_DEVICE.VirtualModeFS=Cdc_FS
USB_OTG_FS.IPParameters=VirtualMode
USB_OTG_FS.VirtualMode=Device_Only
VP_SYS_VS_Systick.Mode=SysTick
VP_SYS_VS_Systick.Signal=SYS_VS_Systick
VP_USB_DEVICE_VS_USB_DEVICE_CDC_FS.Mode=CDC_FS
VP_USB_DEVICE_VS_USB_DEVICE_CDC_FS.Signal=USB_DEVICE_VS_USB_DEVICE_CDC_FS
board=custom
